
Microsoft Visual Studio Solution File, Format Version 12.00
# Visual Studio 15
VisualStudioVersion = 15.0.28307.271
MinimumVisualStudioVersion = 10.0.40219.1
Project("{FAE04EC0-301F-11D3-BF4B-00C04F79EFBC}") = "BilgeAdam.Types", "BilgeAdam.Types\BilgeAdam.Types.csproj", "{09B65C93-9E46-4A69-8923-4A81C3FCBC5A}"
EndProject
Project("{FAE04EC0-301F-11D3-BF4B-00C04F79EFBC}") = "BilgeAdam.Types2", "BilgeAdam.Types2\BilgeAdam.Types2.csproj", "{0F881563-D2D3-469A-B35A-1CB0C2F92273}"
EndProject
Global
	GlobalSection(SolutionConfigurationPlatforms) = preSolution
		Debug|Any CPU = Debug|Any CPU
		Release|Any CPU = Release|Any CPU
	EndGlobalSection
	GlobalSection(ProjectConfigurationPlatforms) = postSolution
		{09B65C93-9E46-4A69-8923-4A81C3FCBC5A}.Debug|Any CPU.ActiveCfg = Debug|Any CPU
		{09B65C93-9E46-4A69-8923-4A81C3FCBC5A}.Debug|Any CPU.Build.0 = Debug|Any CPU
		{09B65C93-9E46-4A69-8923-4A81C3FCBC5A}.Release|Any CPU.ActiveCfg = Release|Any CPU
		{09B65C93-9E46-4A69-8923-4A81C3FCBC5A}.Release|Any CPU.Build.0 = Release|Any CPU
		{0F881563-D2D3-469A-B35A-1CB0C2F92273}.Debug|Any CPU.ActiveCfg = Debug|Any CPU
		{0F881563-D2D3-469A-B35A-1CB0C2F92273}.Debug|Any CPU.Build.0 = Debug|Any CPU
		{0F881563-D2D3-469A-B35A-1CB0C2F92273}.Release|Any CPU.ActiveCfg = Release|Any CPU
		{0F881563-D2D3-469A-B35A-1CB0C2F92273}.Release|Any CPU.Build.0 = Release|Any CPU
	EndGlobalSection
	GlobalSection(SolutionProperties) = preSolution
		HideSolutionNode = FALSE
	EndGlobalSection
	GlobalSection(ExtensibilityGlobals) = postSolution
		SolutionGuid = {A9A3132D-243A-4719-96C9-CDFB29D8DAEA}
	EndGlobalSection
EndGlobal
